
Microsoft Visual Studio Solution File, Format Version 12.00
# Visual Studio Version 17
VisualStudioVersion = 17.1.32319.34
MinimumVisualStudioVersion = 10.0.40219.1
Project("{2150E333-8FDC-42A3-9474-1A3956D46DE8}") = "FrontEnd", "FrontEnd", "{5B16BA63-72C1-4440-896B-F282C2E966BB}"
EndProject
Project("{2150E333-8FDC-42A3-9474-1A3956D46DE8}") = "Services", "Services", "{A754025D-97DD-452D-8152-4156DE7C2F67}"
EndProject
Project("{9A19103F-16F7-4668-BE54-9A1E7A4F7556}") = "GeekShopping.Web", "GeekShopping.Web\GeekShopping.Web.csproj", "{09DA1277-38C1-48EE-BD83-E9B81ED8311F}"
EndProject
Project("{9A19103F-16F7-4668-BE54-9A1E7A4F7556}") = "GeekShopping.ProductAPI", "GeekShopping.ProductAPI\GeekShopping.ProductAPI.csproj", "{44F4158A-BA8C-4EAB-9848-5A0B046C2869}"
EndProject
Project("{9A19103F-16F7-4668-BE54-9A1E7A4F7556}") = "GeekShopping.IdentityServer", "GeekShopping.IdentityServer\GeekShopping.IdentityServer.csproj", "{756228CA-76E3-476D-8124-63EEC4CBF914}"
EndProject
Project("{9A19103F-16F7-4668-BE54-9A1E7A4F7556}") = "GeekShopping.CartAPI", "GeekShopping.CartAPI\GeekShopping.CartAPI.csproj", "{A4312EEB-846E-48CF-A786-AC18E2981336}"
EndProject
Project("{9A19103F-16F7-4668-BE54-9A1E7A4F7556}") = "GeekShopping.CouponAPI", "GeekShopping.CouponAPI\GeekShopping.CouponAPI.csproj", "{A11A10B3-A93A-4383-A1A6-9F87FCBE31F3}"
EndProject
Project("{2150E333-8FDC-42A3-9474-1A3956D46DE8}") = "Integration", "Integration", "{32E9E737-3161-42AA-A322-B2B1F33084C9}"
EndProject
Project("{FAE04EC0-301F-11D3-BF4B-00C04F79EFBC}") = "GeekShopping.MessageBus", "GeekShopping.MessageBus\GeekShopping.MessageBus.csproj", "{D9A48452-CE36-4122-B0E1-EF9903322C60}"
EndProject
Project("{FAE04EC0-301F-11D3-BF4B-00C04F79EFBC}") = "GeekShopping.OrderAPI", "GeekShopping.OrderAPI\GeekShopping.OrderAPI.csproj", "{9C57687E-BAA7-4255-9A6C-2D15302E794B}"
EndProject
Global
	GlobalSection(SolutionConfigurationPlatforms) = preSolution
		Debug|Any CPU = Debug|Any CPU
		Release|Any CPU = Release|Any CPU
	EndGlobalSection
	GlobalSection(ProjectConfigurationPlatforms) = postSolution
		{09DA1277-38C1-48EE-BD83-E9B81ED8311F}.Debug|Any CPU.ActiveCfg = Debug|Any CPU
		{09DA1277-38C1-48EE-BD83-E9B81ED8311F}.Debug|Any CPU.Build.0 = Debug|Any CPU
		{09DA1277-38C1-48EE-BD83-E9B81ED8311F}.Release|Any CPU.ActiveCfg = Release|Any CPU
		{09DA1277-38C1-48EE-BD83-E9B81ED8311F}.Release|Any CPU.Build.0 = Release|Any CPU
		{44F4158A-BA8C-4EAB-9848-5A0B046C2869}.Debug|Any CPU.ActiveCfg = Debug|Any CPU
		{44F4158A-BA8C-4EAB-9848-5A0B046C2869}.Debug|Any CPU.Build.0 = Debug|Any CPU
		{44F4158A-BA8C-4EAB-9848-5A0B046C2869}.Release|Any CPU.ActiveCfg = Release|Any CPU
		{44F4158A-BA8C-4EAB-9848-5A0B046C2869}.Release|Any CPU.Build.0 = Release|Any CPU
		{756228CA-76E3-476D-8124-63EEC4CBF914}.Debug|Any CPU.ActiveCfg = Debug|Any CPU
		{756228CA-76E3-476D-8124-63EEC4CBF914}.Debug|Any CPU.Build.0 = Debug|Any CPU
		{756228CA-76E3-476D-8124-63EEC4CBF914}.Release|Any CPU.ActiveCfg = Release|Any CPU
		{756228CA-76E3-476D-8124-63EEC4CBF914}.Release|Any CPU.Build.0 = Release|Any CPU
		{A4312EEB-846E-48CF-A786-AC18E2981336}.Debug|Any CPU.ActiveCfg = Debug|Any CPU
		{A4312EEB-846E-48CF-A786-AC18E2981336}.Debug|Any CPU.Build.0 = Debug|Any CPU
		{A4312EEB-846E-48CF-A786-AC18E2981336}.Release|Any CPU.ActiveCfg = Release|Any CPU
		{A4312EEB-846E-48CF-A786-AC18E2981336}.Release|Any CPU.Build.0 = Release|Any CPU
		{A11A10B3-A93A-4383-A1A6-9F87FCBE31F3}.Debug|Any CPU.ActiveCfg = Debug|Any CPU
		{A11A10B3-A93A-4383-A1A6-9F87FCBE31F3}.Debug|Any CPU.Build.0 = Debug|Any CPU
		{A11A10B3-A93A-4383-A1A6-9F87FCBE31F3}.Release|Any CPU.ActiveCfg = Release|Any CPU
		{A11A10B3-A93A-4383-A1A6-9F87FCBE31F3}.Release|Any CPU.Build.0 = Release|Any CPU
		{D9A48452-CE36-4122-B0E1-EF9903322C60}.Debug|Any CPU.ActiveCfg = Debug|Any CPU
		{D9A48452-CE36-4122-B0E1-EF9903322C60}.Debug|Any CPU.Build.0 = Debug|Any CPU
		{D9A48452-CE36-4122-B0E1-EF9903322C60}.Release|Any CPU.ActiveCfg = Release|Any CPU
		{D9A48452-CE36-4122-B0E1-EF9903322C60}.Release|Any CPU.Build.0 = Release|Any CPU
		{9C57687E-BAA7-4255-9A6C-2D15302E794B}.Debug|Any CPU.ActiveCfg = Debug|Any CPU
		{9C57687E-BAA7-4255-9A6C-2D15302E794B}.Debug|Any CPU.Build.0 = Debug|Any CPU
		{9C57687E-BAA7-4255-9A6C-2D15302E794B}.Release|Any CPU.ActiveCfg = Release|Any CPU
		{9C57687E-BAA7-4255-9A6C-2D15302E794B}.Release|Any CPU.Build.0 = Release|Any CPU
	EndGlobalSection
	GlobalSection(SolutionProperties) = preSolution
		HideSolutionNode = FALSE
	EndGlobalSection
	GlobalSection(NestedProjects) = preSolution
		{09DA1277-38C1-48EE-BD83-E9B81ED8311F} = {5B16BA63-72C1-4440-896B-F282C2E966BB}
		{44F4158A-BA8C-4EAB-9848-5A0B046C2869} = {A754025D-97DD-452D-8152-4156DE7C2F67}
		{756228CA-76E3-476D-8124-63EEC4CBF914} = {A754025D-97DD-452D-8152-4156DE7C2F67}
		{A4312EEB-846E-48CF-A786-AC18E2981336} = {A754025D-97DD-452D-8152-4156DE7C2F67}
		{A11A10B3-A93A-4383-A1A6-9F87FCBE31F3} = {A754025D-97DD-452D-8152-4156DE7C2F67}
		{D9A48452-CE36-4122-B0E1-EF9903322C60} = {32E9E737-3161-42AA-A322-B2B1F33084C9}
		{9C57687E-BAA7-4255-9A6C-2D15302E794B} = {A754025D-97DD-452D-8152-4156DE7C2F67}
	EndGlobalSection
	GlobalSection(ExtensibilityGlobals) = postSolution
		SolutionGuid = {3540D129-FFA1-4286-AE29-C5A60BAABE14}
	EndGlobalSection
EndGlobal
